// !$*UTF8*$!
{
	archiveVersion = 1;
	classes = {
	};
	objectVersion = 46;
	objects = {

/* Begin PBXBuildFile section */
		8C838CA9FAC04FF5934ED81B /* Pods_FirebaseDemoUITests.framework in Frameworks */ = {isa = PBXBuildFile; fileRef = 08023E8CA9AC463AB562E280 /* Pods_FirebaseDemoUITests.framework */; };
		98384D4F676F94E78CAB4F57 /* Pods_FirebaseDemoTests.framework in Frameworks */ = {isa = PBXBuildFile; fileRef = 07C116F670A84ABF2B37C258 /* Pods_FirebaseDemoTests.framework */; };
		CF6A35E61CF52873009A9232 /* GoogleService-Info.plist in Resources */ = {isa = PBXBuildFile; fileRef = CF6A35E51CF52873009A9232 /* GoogleService-Info.plist */; };
		CFDC62041CEF819E00232A71 /* AppDelegate.swift in Sources */ = {isa = PBXBuildFile; fileRef = CFDC62031CEF819E00232A71 /* AppDelegate.swift */; };
		CFDC62061CEF819E00232A71 /* ViewController.swift in Sources */ = {isa = PBXBuildFile; fileRef = CFDC62051CEF819E00232A71 /* ViewController.swift */; };
		CFDC62091CEF819E00232A71 /* Main.storyboard in Resources */ = {isa = PBXBuildFile; fileRef = CFDC62071CEF819E00232A71 /* Main.storyboard */; };
		CFDC620C1CEF819E00232A71 /* FirebaseDemo.xcdatamodeld in Sources */ = {isa = PBXBuildFile; fileRef = CFDC620A1CEF819E00232A71 /* FirebaseDemo.xcdatamodeld */; };
		CFDC620E1CEF819E00232A71 /* Assets.xcassets in Resources */ = {isa = PBXBuildFile; fileRef = CFDC620D1CEF819E00232A71 /* Assets.xcassets */; };
		CFDC62111CEF819E00232A71 /* LaunchScreen.storyboard in Resources */ = {isa = PBXBuildFile; fileRef = CFDC620F1CEF819E00232A71 /* LaunchScreen.storyboard */; };
		CFDC621C1CEF819E00232A71 /* FirebaseDemoTests.swift in Sources */ = {isa = PBXBuildFile; fileRef = CFDC621B1CEF819E00232A71 /* FirebaseDemoTests.swift */; };
		CFDC62271CEF819E00232A71 /* FirebaseDemoUITests.swift in Sources */ = {isa = PBXBuildFile; fileRef = CFDC62261CEF819E00232A71 /* FirebaseDemoUITests.swift */; };
		DF389EDBA056008865BBD38F /* Pods_FirebaseDemo.framework in Frameworks */ = {isa = PBXBuildFile; fileRef = E8AB20E8D5B268042CFDC295 /* Pods_FirebaseDemo.framework */; };
/* End PBXBuildFile section */

/* Begin PBXContainerItemProxy section */
		CFDC62181CEF819E00232A71 /* PBXContainerItemProxy */ = {
			isa = PBXContainerItemProxy;
			containerPortal = CFDC61F81CEF819E00232A71 /* Project object */;
			proxyType = 1;
			remoteGlobalIDString = CFDC61FF1CEF819E00232A71;
			remoteInfo = FirebaseDemo;
		};
		CFDC62231CEF819E00232A71 /* PBXContainerItemProxy */ = {
			isa = PBXContainerItemProxy;
			containerPortal = CFDC61F81CEF819E00232A71 /* Project object */;
			proxyType = 1;
			remoteGlobalIDString = CFDC61FF1CEF819E00232A71;
			remoteInfo = FirebaseDemo;
		};
/* End PBXContainerItemProxy section */

/* Begin PBXFileReference section */
		07C116F670A84ABF2B37C258 /* Pods_FirebaseDemoTests.framework */ = {isa = PBXFileReference; explicitFileType = wrapper.framework; includeInIndex = 0; path = Pods_FirebaseDemoTests.framework; sourceTree = BUILT_PRODUCTS_DIR; };
		08023E8CA9AC463AB562E280 /* Pods_FirebaseDemoUITests.framework */ = {isa = PBXFileReference; explicitFileType = wrapper.framework; includeInIndex = 0; path = Pods_FirebaseDemoUITests.framework; sourceTree = BUILT_PRODUCTS_DIR; };
		2FBB11FE502D0C116CDDDA85 /* Pods-FirebaseDemoTests.release.xcconfig */ = {isa = PBXFileReference; includeInIndex = 1; lastKnownFileType = text.xcconfig; name = "Pods-FirebaseDemoTests.release.xcconfig"; path = "Pods/Target Support Files/Pods-FirebaseDemoTests/Pods-FirebaseDemoTests.release.xcconfig"; sourceTree = "<group>"; };
		414DAD1EC034DE087FC5B354 /* Pods-FirebaseDemo.debug.xcconfig */ = {isa = PBXFileReference; includeInIndex = 1; lastKnownFileType = text.xcconfig; name = "Pods-FirebaseDemo.debug.xcconfig"; path = "Pods/Target Support Files/Pods-FirebaseDemo/Pods-FirebaseDemo.debug.xcconfig"; sourceTree = "<group>"; };
		793C139F8CC1FC399FE4225A /* Pods-FirebaseDemoUITests.debug.xcconfig */ = {isa = PBXFileReference; includeInIndex = 1; lastKnownFileType = text.xcconfig; name = "Pods-FirebaseDemoUITests.debug.xcconfig"; path = "Pods/Target Support Files/Pods-FirebaseDemoUITests/Pods-FirebaseDemoUITests.debug.xcconfig"; sourceTree = "<group>"; };
		AEBC4AF72E5027E328F0C117 /* Pods-FirebaseDemo.release.xcconfig */ = {isa = PBXFileReference; includeInIndex = 1; lastKnownFileType = text.xcconfig; name = "Pods-FirebaseDemo.release.xcconfig"; path = "Pods/Target Support Files/Pods-FirebaseDemo/Pods-FirebaseDemo.release.xcconfig"; sourceTree = "<group>"; };
		B50D732620AF779B6005F672 /* Pods-FirebaseDemoTests.debug.xcconfig */ = {isa = PBXFileReference; includeInIndex = 1; lastKnownFileType = text.xcconfig; name = "Pods-FirebaseDemoTests.debug.xcconfig"; path = "Pods/Target Support Files/Pods-FirebaseDemoTests/Pods-FirebaseDemoTests.debug.xcconfig"; sourceTree = "<group>"; };
		CF6A35E51CF52873009A9232 /* GoogleService-Info.plist */ = {isa = PBXFileReference; fileEncoding = 4; lastKnownFileType = text.plist.xml; path = "GoogleService-Info.plist"; sourceTree = "<group>"; };
		CFDC62001CEF819E00232A71 /* FirebaseDemo.app */ = {isa = PBXFileReference; explicitFileType = wrapper.application; includeInIndex = 0; path = FirebaseDemo.app; sourceTree = BUILT_PRODUCTS_DIR; };
		CFDC62031CEF819E00232A71 /* AppDelegate.swift */ = {isa = PBXFileReference; lastKnownFileType = sourcecode.swift; path = AppDelegate.swift; sourceTree = "<group>"; };
		CFDC62051CEF819E00232A71 /* ViewController.swift */ = {isa = PBXFileReference; lastKnownFileType = sourcecode.swift; path = ViewController.swift; sourceTree = "<group>"; };
		CFDC62081CEF819E00232A71 /* Base */ = {isa = PBXFileReference; lastKnownFileType = file.storyboard; name = Base; path = Base.lproj/Main.storyboard; sourceTree = "<group>"; };
		CFDC620B1CEF819E00232A71 /* FirebaseDemo.xcdatamodel */ = {isa = PBXFileReference; lastKnownFileType = wrapper.xcdatamodel; path = FirebaseDemo.xcdatamodel; sourceTree = "<group>"; };
		CFDC620D1CEF819E00232A71 /* Assets.xcassets */ = {isa = PBXFileReference; lastKnownFileType = folder.assetcatalog; path = Assets.xcassets; sourceTree = "<group>"; };
		CFDC62101CEF819E00232A71 /* Base */ = {isa = PBXFileReference; lastKnownFileType = file.storyboard; name = Base; path = Base.lproj/LaunchScreen.storyboard; sourceTree = "<group>"; };
		CFDC62121CEF819E00232A71 /* Info.plist */ = {isa = PBXFileReference; lastKnownFileType = text.plist.xml; path = Info.plist; sourceTree = "<group>"; };
		CFDC62171CEF819E00232A71 /* FirebaseDemoTests.xctest */ = {isa = PBXFileReference; explicitFileType = wrapper.cfbundle; includeInIndex = 0; path = FirebaseDemoTests.xctest; sourceTree = BUILT_PRODUCTS_DIR; };
		CFDC621B1CEF819E00232A71 /* FirebaseDemoTests.swift */ = {isa = PBXFileReference; lastKnownFileType = sourcecode.swift; path = FirebaseDemoTests.swift; sourceTree = "<group>"; };
		CFDC621D1CEF819E00232A71 /* Info.plist */ = {isa = PBXFileReference; lastKnownFileType = text.plist.xml; path = Info.plist; sourceTree = "<group>"; };
		CFDC62221CEF819E00232A71 /* FirebaseDemoUITests.xctest */ = {isa = PBXFileReference; explicitFileType = wrapper.cfbundle; includeInIndex = 0; path = FirebaseDemoUITests.xctest; sourceTree = BUILT_PRODUCTS_DIR; };
		CFDC62261CEF819E00232A71 /* FirebaseDemoUITests.swift */ = {isa = PBXFileReference; lastKnownFileType = sourcecode.swift; path = FirebaseDemoUITests.swift; sourceTree = "<group>"; };
		CFDC62281CEF819E00232A71 /* Info.plist */ = {isa = PBXFileReference; lastKnownFileType = text.plist.xml; path = Info.plist; sourceTree = "<group>"; };
		E8AB20E8D5B268042CFDC295 /* Pods_FirebaseDemo.framework */ = {isa = PBXFileReference; explicitFileType = wrapper.framework; includeInIndex = 0; path = Pods_FirebaseDemo.framework; sourceTree = BUILT_PRODUCTS_DIR; };
		FCC56CA018E1D4CCA1119867 /* Pods-FirebaseDemoUITests.release.xcconfig */ = {isa = PBXFileReference; includeInIndex = 1; lastKnownFileType = text.xcconfig; name = "Pods-FirebaseDemoUITests.release.xcconfig"; path = "Pods/Target Support Files/Pods-FirebaseDemoUITests/Pods-FirebaseDemoUITests.release.xcconfig"; sourceTree = "<group>"; };
/* End PBXFileReference section */

/* Begin PBXFrameworksBuildPhase section */
		CFDC61FD1CEF819E00232A71 /* Frameworks */ = {
			isa = PBXFrameworksBuildPhase;
			buildActionMask = 2147483647;
			files = (
				DF389EDBA056008865BBD38F /* Pods_FirebaseDemo.framework in Frameworks */,
			);
			runOnlyForDeploymentPostprocessing = 0;
		};
		CFDC62141CEF819E00232A71 /* Frameworks */ = {
			isa = PBXFrameworksBuildPhase;
			buildActionMask = 2147483647;
			files = (
				98384D4F676F94E78CAB4F57 /* Pods_FirebaseDemoTests.framework in Frameworks */,
			);
			runOnlyForDeploymentPostprocessing = 0;
		};
		CFDC621F1CEF819E00232A71 /* Frameworks */ = {
			isa = PBXFrameworksBuildPhase;
			buildActionMask = 2147483647;
			files = (
				8C838CA9FAC04FF5934ED81B /* Pods_FirebaseDemoUITests.framework in Frameworks */,
			);
			runOnlyForDeploymentPostprocessing = 0;
		};
/* End PBXFrameworksBuildPhase section */

/* Begin PBXGroup section */
		9CFFB97EFE22AEA0BE022A26 /* Pods */ = {
			isa = PBXGroup;
			children = (
				414DAD1EC034DE087FC5B354 /* Pods-FirebaseDemo.debug.xcconfig */,
				AEBC4AF72E5027E328F0C117 /* Pods-FirebaseDemo.release.xcconfig */,
				B50D732620AF779B6005F672 /* Pods-FirebaseDemoTests.debug.xcconfig */,
				2FBB11FE502D0C116CDDDA85 /* Pods-FirebaseDemoTests.release.xcconfig */,
				793C139F8CC1FC399FE4225A /* Pods-FirebaseDemoUITests.debug.xcconfig */,
				FCC56CA018E1D4CCA1119867 /* Pods-FirebaseDemoUITests.release.xcconfig */,
			);
			name = Pods;
			sourceTree = "<group>";
		};
		CFDC61F71CEF819E00232A71 = {
			isa = PBXGroup;
			children = (
				CFDC62021CEF819E00232A71 /* FirebaseDemo */,
				CFDC621A1CEF819E00232A71 /* FirebaseDemoTests */,
				CFDC62251CEF819E00232A71 /* FirebaseDemoUITests */,
				CFDC62011CEF819E00232A71 /* Products */,
				9CFFB97EFE22AEA0BE022A26 /* Pods */,
				E840887690B423FDB0E7D718 /* Frameworks */,
			);
			sourceTree = "<group>";
		};
		CFDC62011CEF819E00232A71 /* Products */ = {
			isa = PBXGroup;
			children = (
				CFDC62001CEF819E00232A71 /* FirebaseDemo.app */,
				CFDC62171CEF819E00232A71 /* FirebaseDemoTests.xctest */,
				CFDC62221CEF819E00232A71 /* FirebaseDemoUITests.xctest */,
			);
			name = Products;
			sourceTree = "<group>";
		};
		CFDC62021CEF819E00232A71 /* FirebaseDemo */ = {
			isa = PBXGroup;
			children = (
				CFDC62031CEF819E00232A71 /* AppDelegate.swift */,
				CFDC62051CEF819E00232A71 /* ViewController.swift */,
				CFDC62071CEF819E00232A71 /* Main.storyboard */,
				CFDC620D1CEF819E00232A71 /* Assets.xcassets */,
				CFDC620F1CEF819E00232A71 /* LaunchScreen.storyboard */,
				CFDC62121CEF819E00232A71 /* Info.plist */,
				CF6A35E51CF52873009A9232 /* GoogleService-Info.plist */,
				CFDC620A1CEF819E00232A71 /* FirebaseDemo.xcdatamodeld */,
			);
			path = FirebaseDemo;
			sourceTree = "<group>";
		};
		CFDC621A1CEF819E00232A71 /* FirebaseDemoTests */ = {
			isa = PBXGroup;
			children = (
				CFDC621B1CEF819E00232A71 /* FirebaseDemoTests.swift */,
				CFDC621D1CEF819E00232A71 /* Info.plist */,
			);
			path = FirebaseDemoTests;
			sourceTree = "<group>";
		};
		CFDC62251CEF819E00232A71 /* FirebaseDemoUITests */ = {
			isa = PBXGroup;
			children = (
				CFDC62261CEF819E00232A71 /* FirebaseDemoUITests.swift */,
				CFDC62281CEF819E00232A71 /* Info.plist */,
			);
			path = FirebaseDemoUITests;
			sourceTree = "<group>";
		};
		E840887690B423FDB0E7D718 /* Frameworks */ = {
			isa = PBXGroup;
			children = (
				E8AB20E8D5B268042CFDC295 /* Pods_FirebaseDemo.framework */,
				07C116F670A84ABF2B37C258 /* Pods_FirebaseDemoTests.framework */,
				08023E8CA9AC463AB562E280 /* Pods_FirebaseDemoUITests.framework */,
			);
			name = Frameworks;
			sourceTree = "<group>";
		};
/* End PBXGroup section */

/* Begin PBXNativeTarget section */
		CFDC61FF1CEF819E00232A71 /* FirebaseDemo */ = {
			isa = PBXNativeTarget;
			buildConfigurationList = CFDC622B1CEF819E00232A71 /* Build configuration list for PBXNativeTarget "FirebaseDemo" */;
			buildPhases = (
				32970AB5793481C88D343A11 /* 📦 Check Pods Manifest.lock */,
				CFDC61FC1CEF819E00232A71 /* Sources */,
				CFDC61FD1CEF819E00232A71 /* Frameworks */,
				CFDC61FE1CEF819E00232A71 /* Resources */,
				E5617A59477B07B785E3A0D2 /* 📦 Embed Pods Frameworks */,
				ED1E78E570C96DA2C02E86FE /* 📦 Copy Pods Resources */,
			);
			buildRules = (
			);
			dependencies = (
			);
			name = FirebaseDemo;
			productName = FirebaseDemo;
			productReference = CFDC62001CEF819E00232A71 /* FirebaseDemo.app */;
			productType = "com.apple.product-type.application";
		};
		CFDC62161CEF819E00232A71 /* FirebaseDemoTests */ = {
			isa = PBXNativeTarget;
			buildConfigurationList = CFDC622E1CEF819E00232A71 /* Build configuration list for PBXNativeTarget "FirebaseDemoTests" */;
			buildPhases = (
				AA9A81F677EDEC36E62231C5 /* 📦 Check Pods Manifest.lock */,
				CFDC62131CEF819E00232A71 /* Sources */,
				CFDC62141CEF819E00232A71 /* Frameworks */,
				CFDC62151CEF819E00232A71 /* Resources */,
				EC5C16077A244D3C2B04B980 /* 📦 Embed Pods Frameworks */,
				3A21176722F8BE829ACD4F49 /* 📦 Copy Pods Resources */,
			);
			buildRules = (
			);
			dependencies = (
				CFDC62191CEF819E00232A71 /* PBXTargetDependency */,
			);
			name = FirebaseDemoTests;
			productName = FirebaseDemoTests;
			productReference = CFDC62171CEF819E00232A71 /* FirebaseDemoTests.xctest */;
			productType = "com.apple.product-type.bundle.unit-test";
		};
		CFDC62211CEF819E00232A71 /* FirebaseDemoUITests */ = {
			isa = PBXNativeTarget;
			buildConfigurationList = CFDC62311CEF819E00232A71 /* Build configuration list for PBXNativeTarget "FirebaseDemoUITests" */;
			buildPhases = (
				3ADEC41647F1597CC93BD3AC /* 📦 Check Pods Manifest.lock */,
				CFDC621E1CEF819E00232A71 /* Sources */,
				CFDC621F1CEF819E00232A71 /* Frameworks */,
				CFDC62201CEF819E00232A71 /* Resources */,
				13F2D175E3FC6CA9A48BE8F0 /* 📦 Copy Pods Resources */,
			);
			buildRules = (
			);
			dependencies = (
				CFDC62241CEF819E00232A71 /* PBXTargetDependency */,
			);
			name = FirebaseDemoUITests;
			productName = FirebaseDemoUITests;
			productReference = CFDC62221CEF819E00232A71 /* FirebaseDemoUITests.xctest */;
			productType = "com.apple.product-type.bundle.ui-testing";
		};
/* End PBXNativeTarget section */

/* Begin PBXProject section */
		CFDC61F81CEF819E00232A71 /* Project object */ = {
			isa = PBXProject;
			attributes = {
				LastSwiftUpdateCheck = 0730;
				LastUpgradeCheck = 0730;
				ORGANIZATIONNAME = "Glauber Martins";
				TargetAttributes = {
					CFDC61FF1CEF819E00232A71 = {
						CreatedOnToolsVersion = 7.3.1;
						DevelopmentTeam = F46UB4EEC8;
					};
					CFDC62161CEF819E00232A71 = {
						CreatedOnToolsVersion = 7.3.1;
						TestTargetID = CFDC61FF1CEF819E00232A71;
					};
					CFDC62211CEF819E00232A71 = {
						CreatedOnToolsVersion = 7.3.1;
						TestTargetID = CFDC61FF1CEF819E00232A71;
					};
				};
			};
			buildConfigurationList = CFDC61FB1CEF819E00232A71 /* Build configuration list for PBXProject "FirebaseDemo" */;
			compatibilityVersion = "Xcode 3.2";
			developmentRegion = English;
			hasScannedForEncodings = 0;
			knownRegions = (
				en,
				Base,
			);
			mainGroup = CFDC61F71CEF819E00232A71;
			productRefGroup = CFDC62011CEF819E00232A71 /* Products */;
			projectDirPath = "";
			projectRoot = "";
			targets = (
				CFDC61FF1CEF819E00232A71 /* FirebaseDemo */,
				CFDC62161CEF819E00232A71 /* FirebaseDemoTests */,
				CFDC62211CEF819E00232A71 /* FirebaseDemoUITests */,
			);
		};
/* End PBXProject section */

/* Begin PBXResourcesBuildPhase section */
		CFDC61FE1CEF819E00232A71 /* Resources */ = {
			isa = PBXResourcesBuildPhase;
			buildActionMask = 2147483647;
			files = (
				CFDC62111CEF819E00232A71 /* LaunchScreen.storyboard in Resources */,
				CF6A35E61CF52873009A9232 /* GoogleService-Info.plist in Resources */,
				CFDC620E1CEF819E00232A71 /* Assets.xcassets in Resources */,
				CFDC62091CEF819E00232A71 /* Main.storyboard in Resources */,
			);
			runOnlyForDeploymentPostprocessing = 0;
		};
		CFDC62151CEF819E00232A71 /* Resources */ = {
			isa = PBXResourcesBuildPhase;
			buildActionMask = 2147483647;
			files = (
			);
			runOnlyForDeploymentPostprocessing = 0;
		};
		CFDC62201CEF819E00232A71 /* Resources */ = {
			isa = PBXResourcesBuildPhase;
			buildActionMask = 2147483647;
			files = (
			);
			runOnlyForDeploymentPostprocessing = 0;
		};
/* End PBXResourcesBuildPhase section */

/* Begin PBXShellScriptBuildPhase section */
		13F2D175E3FC6CA9A48BE8F0 /* 📦 Copy Pods Resources */ = {
			isa = PBXShellScriptBuildPhase;
			buildActionMask = 2147483647;
			files = (
			);
			inputPaths = (
			);
			name = "📦 Copy Pods Resources";
			outputPaths = (
			);
			runOnlyForDeploymentPostprocessing = 0;
			shellPath = /bin/sh;
			shellScript = "\"${SRCROOT}/Pods/Target Support Files/Pods-FirebaseDemoUITests/Pods-FirebaseDemoUITests-resources.sh\"\n";
			showEnvVarsInLog = 0;
		};
		32970AB5793481C88D343A11 /* 📦 Check Pods Manifest.lock */ = {
			isa = PBXShellScriptBuildPhase;
			buildActionMask = 2147483647;
			files = (
			);
			inputPaths = (
			);
			name = "📦 Check Pods Manifest.lock";
			outputPaths = (
			);
			runOnlyForDeploymentPostprocessing = 0;
			shellPath = /bin/sh;
			shellScript = "diff \"${PODS_ROOT}/../Podfile.lock\" \"${PODS_ROOT}/Manifest.lock\" > /dev/null\nif [[ $? != 0 ]] ; then\n    cat << EOM\nerror: The sandbox is not in sync with the Podfile.lock. Run 'pod install' or update your CocoaPods installation.\nEOM\n    exit 1\nfi\n";
			showEnvVarsInLog = 0;
		};
		3A21176722F8BE829ACD4F49 /* 📦 Copy Pods Resources */ = {
			isa = PBXShellScriptBuildPhase;
			buildActionMask = 2147483647;
			files = (
			);
			inputPaths = (
			);
			name = "📦 Copy Pods Resources";
			outputPaths = (
			);
			runOnlyForDeploymentPostprocessing = 0;
			shellPath = /bin/sh;
			shellScript = "\"${SRCROOT}/Pods/Target Support Files/Pods-FirebaseDemoTests/Pods-FirebaseDemoTests-resources.sh\"\n";
			showEnvVarsInLog = 0;
		};
		3ADEC41647F1597CC93BD3AC /* 📦 Check Pods Manifest.lock */ = {
			isa = PBXShellScriptBuildPhase;
			buildActionMask = 2147483647;
			files = (
			);
			inputPaths = (
			);
			name = "📦 Check Pods Manifest.lock";
			outputPaths = (
			);
			runOnlyForDeploymentPostprocessing = 0;
			shellPath = /bin/sh;
			shellScript = "diff \"${PODS_ROOT}/../Podfile.lock\" \"${PODS_ROOT}/Manifest.lock\" > /dev/null\nif [[ $? != 0 ]] ; then\n    cat << EOM\nerror: The sandbox is not in sync with the Podfile.lock. Run 'pod install' or update your CocoaPods installation.\nEOM\n    exit 1\nfi\n";
			showEnvVarsInLog = 0;
		};
		AA9A81F677EDEC36E62231C5 /* 📦 Check Pods Manifest.lock */ = {
			isa = PBXShellScriptBuildPhase;
			buildActionMask = 2147483647;
			files = (
			);
			inputPaths = (
			);
			name = "📦 Check Pods Manifest.lock";
			outputPaths = (
			);
			runOnlyForDeploymentPostprocessing = 0;
			shellPath = /bin/sh;
			shellScript = "diff \"${PODS_ROOT}/../Podfile.lock\" \"${PODS_ROOT}/Manifest.lock\" > /dev/null\nif [[ $? != 0 ]] ; then\n    cat << EOM\nerror: The sandbox is not in sync with the Podfile.lock. Run 'pod install' or update your CocoaPods installation.\nEOM\n    exit 1\nfi\n";
			showEnvVarsInLog = 0;
		};
		E5617A59477B07B785E3A0D2 /* 📦 Embed Pods Frameworks */ = {
			isa = PBXShellScriptBuildPhase;
			buildActionMask = 2147483647;
			files = (
			);
			inputPaths = (
			);
			name = "📦 Embed Pods Frameworks";
			outputPaths = (
			);
			runOnlyForDeploymentPostprocessing = 0;
			shellPath = /bin/sh;
			shellScript = "\"${SRCROOT}/Pods/Target Support Files/Pods-FirebaseDemo/Pods-FirebaseDemo-frameworks.sh\"\n";
			showEnvVarsInLog = 0;
		};
		EC5C16077A244D3C2B04B980 /* 📦 Embed Pods Frameworks */ = {
			isa = PBXShellScriptBuildPhase;
			buildActionMask = 2147483647;
			files = (
			);
			inputPaths = (
			);
			name = "📦 Embed Pods Frameworks";
			outputPaths = (
			);
			runOnlyForDeploymentPostprocessing = 0;
			shellPath = /bin/sh;
			shellScript = "\"${SRCROOT}/Pods/Target Support Files/Pods-FirebaseDemoTests/Pods-FirebaseDemoTests-frameworks.sh\"\n";
			showEnvVarsInLog = 0;
		};
		ED1E78E570C96DA2C02E86FE /* 📦 Copy Pods Resources */ = {
			isa = PBXShellScriptBuildPhase;
			buildActionMask = 2147483647;
			files = (
			);
			inputPaths = (
			);
			name = "📦 Copy Pods Resources";
			outputPaths = (
			);
			runOnlyForDeploymentPostprocessing = 0;
			shellPath = /bin/sh;
			shellScript = "\"${SRCROOT}/Pods/Target Support Files/Pods-FirebaseDemo/Pods-FirebaseDemo-resources.sh\"\n";
			showEnvVarsInLog = 0;
		};
/* End PBXShellScriptBuildPhase section */

/* Begin PBXSourcesBuildPhase section */
		CFDC61FC1CEF819E00232A71 /* Sources */ = {
			isa = PBXSourcesBuildPhase;
			buildActionMask = 2147483647;
			files = (
				CFDC620C1CEF819E00232A71 /* FirebaseDemo.xcdatamodeld in Sources */,
				CFDC62061CEF819E00232A71 /* ViewController.swift in Sources */,
				CFDC62041CEF819E00232A71 /* AppDelegate.swift in Sources */,
			);
			runOnlyForDeploymentPostprocessing = 0;
		};
		CFDC62131CEF819E00232A71 /* Sources */ = {
			isa = PBXSourcesBuildPhase;
			buildActionMask = 2147483647;
			files = (
				CFDC621C1CEF819E00232A71 /* FirebaseDemoTests.swift in Sources */,
			);
			runOnlyForDeploymentPostprocessing = 0;
		};
		CFDC621E1CEF819E00232A71 /* Sources */ = {
			isa = PBXSourcesBuildPhase;
			buildActionMask = 2147483647;
			files = (
				CFDC62271CEF819E00232A71 /* FirebaseDemoUITests.swift in Sources */,
			);
			runOnlyForDeploymentPostprocessing = 0;
		};
/* End PBXSourcesBuildPhase section */

/* Begin PBXTargetDependency section */
		CFDC62191CEF819E00232A71 /* PBXTargetDependency */ = {
			isa = PBXTargetDependency;
			target = CFDC61FF1CEF819E00232A71 /* FirebaseDemo */;
			targetProxy = CFDC62181CEF819E00232A71 /* PBXContainerItemProxy */;
		};
		CFDC62241CEF819E00232A71 /* PBXTargetDependency */ = {
			isa = PBXTargetDependency;
			target = CFDC61FF1CEF819E00232A71 /* FirebaseDemo */;
			targetProxy = CFDC62231CEF819E00232A71 /* PBXContainerItemProxy */;
		};
/* End PBXTargetDependency section */

/* Begin PBXVariantGroup section */
		CFDC62071CEF819E00232A71 /* Main.storyboard */ = {
			isa = PBXVariantGroup;
			children = (
				CFDC62081CEF819E00232A71 /* Base */,
			);
			name = Main.storyboard;
			sourceTree = "<group>";
		};
		CFDC620F1CEF819E00232A71 /* LaunchScreen.storyboard */ = {
			isa = PBXVariantGroup;
			children = (
				CFDC62101CEF819E00232A71 /* Base */,
			);
			name = LaunchScreen.storyboard;
			sourceTree = "<group>";
		};
/* End PBXVariantGroup section */

/* Begin XCBuildConfiguration section */
		CFDC62291CEF819E00232A71 /* Debug */ = {
			isa = XCBuildConfiguration;
			buildSettings = {
				ALWAYS_SEARCH_USER_PATHS = NO;
				CLANG_ANALYZER_NONNULL = YES;
				CLANG_CXX_LANGUAGE_STANDARD = "gnu++0x";
				CLANG_CXX_LIBRARY = "libc++";
				CLANG_ENABLE_MODULES = YES;
				CLANG_ENABLE_OBJC_ARC = YES;
				CLANG_WARN_BOOL_CONVERSION = YES;
				CLANG_WARN_CONSTANT_CONVERSION = YES;
				CLANG_WARN_DIRECT_OBJC_ISA_USAGE = YES_ERROR;
				CLANG_WARN_EMPTY_BODY = YES;
				CLANG_WARN_ENUM_CONVERSION = YES;
				CLANG_WARN_INT_CONVERSION = YES;
				CLANG_WARN_OBJC_ROOT_CLASS = YES_ERROR;
				CLANG_WARN_UNREACHABLE_CODE = YES;
				CLANG_WARN__DUPLICATE_METHOD_MATCH = YES;
				"CODE_SIGN_IDENTITY[sdk=iphoneos*]" = "iPhone Developer";
				COPY_PHASE_STRIP = NO;
				DEBUG_INFORMATION_FORMAT = dwarf;
				ENABLE_STRICT_OBJC_MSGSEND = YES;
				ENABLE_TESTABILITY = YES;
				GCC_C_LANGUAGE_STANDARD = gnu99;
				GCC_DYNAMIC_NO_PIC = NO;
				GCC_NO_COMMON_BLOCKS = YES;
				GCC_OPTIMIZATION_LEVEL = 0;
				GCC_PREPROCESSOR_DEFINITIONS = (
					"DEBUG=1",
					"$(inherited)",
				);
				GCC_WARN_64_TO_32_BIT_CONVERSION = YES;
				GCC_WARN_ABOUT_RETURN_TYPE = YES_ERROR;
				GCC_WARN_UNDECLARED_SELECTOR = YES;
				GCC_WARN_UNINITIALIZED_AUTOS = YES_AGGRESSIVE;
				GCC_WARN_UNUSED_FUNCTION = YES;
				GCC_WARN_UNUSED_VARIABLE = YES;
				IPHONEOS_DEPLOYMENT_TARGET = 9.3;
				MTL_ENABLE_DEBUG_INFO = YES;
				ONLY_ACTIVE_ARCH = YES;
				SDKROOT = iphoneos;
				SWIFT_OPTIMIZATION_LEVEL = "-Onone";
			};
			name = Debug;
		};
		CFDC622A1CEF819E00232A71 /* Release */ = {
			isa = XCBuildConfiguration;
			buildSettings = {
				ALWAYS_SEARCH_USER_PATHS = NO;
				CLANG_ANALYZER_NONNULL = YES;
				CLANG_CXX_LANGUAGE_STANDARD = "gnu++0x";
				CLANG_CXX_LIBRARY = "libc++";
				CLANG_ENABLE_MODULES = YES;
				CLANG_ENABLE_OBJC_ARC = YES;
				CLANG_WARN_BOOL_CONVERSION = YES;
				CLANG_WARN_CONSTANT_CONVERSION = YES;
				CLANG_WARN_DIRECT_OBJC_ISA_USAGE = YES_ERROR;
				CLANG_WARN_EMPTY_BODY = YES;
				CLANG_WARN_ENUM_CONVERSION = YES;
				CLANG_WARN_INT_CONVERSION = YES;
				CLANG_WARN_OBJC_ROOT_CLASS = YES_ERROR;
				CLANG_WARN_UNREACHABLE_CODE = YES;
				CLANG_WARN__DUPLICATE_METHOD_MATCH = YES;
				"CODE_SIGN_IDENTITY[sdk=iphoneos*]" = "iPhone Developer";
				COPY_PHASE_STRIP = NO;
				DEBUG_INFORMATION_FORMAT = "dwarf-with-dsym";
				ENABLE_NS_ASSERTIONS = NO;
				ENABLE_STRICT_OBJC_MSGSEND = YES;
				GCC_C_LANGUAGE_STANDARD = gnu99;
				GCC_NO_COMMON_BLOCKS = YES;
				GCC_WARN_64_TO_32_BIT_CONVERSION = YES;
				GCC_WARN_ABOUT_RETURN_TYPE = YES_ERROR;
				GCC_WARN_UNDECLARED_SELECTOR = YES;
				GCC_WARN_UNINITIALIZED_AUTOS = YES_AGGRESSIVE;
				GCC_WARN_UNUSED_FUNCTION = YES;
				GCC_WARN_UNUSED_VARIABLE = YES;
				IPHONEOS_DEPLOYMENT_TARGET = 9.3;
				MTL_ENABLE_DEBUG_INFO = NO;
				SDKROOT = iphoneos;
				VALIDATE_PRODUCT = YES;
			};
			name = Release;
		};
		CFDC622C1CEF819E00232A71 /* Debug */ = {
			isa = XCBuildConfiguration;
			baseConfigurationReference = 414DAD1EC034DE087FC5B354 /* Pods-FirebaseDemo.debug.xcconfig */;
			buildSettings = {
				ASSETCATALOG_COMPILER_APPICON_NAME = AppIcon;
				CODE_SIGN_IDENTITY = "iPhone Developer";
				"CODE_SIGN_IDENTITY[sdk=iphoneos*]" = "iPhone Developer";
				INFOPLIST_FILE = FirebaseDemo/Info.plist;
				IPHONEOS_DEPLOYMENT_TARGET = 9.2;
				LD_RUNPATH_SEARCH_PATHS = "$(inherited) @executable_path/Frameworks";
				PRODUCT_BUNDLE_IDENTIFIER = com.dldemo.firebasedemo;
				PRODUCT_NAME = "$(TARGET_NAME)";
				PROVISIONING_PROFILE = "";
			};
			name = Debug;
		};
		CFDC622D1CEF819E00232A71 /* Release */ = {
			isa = XCBuildConfiguration;
			baseConfigurationReference = AEBC4AF72E5027E328F0C117 /* Pods-FirebaseDemo.release.xcconfig */;
			buildSettings = {
				ASSETCATALOG_COMPILER_APPICON_NAME = AppIcon;
				CODE_SIGN_IDENTITY = "iPhone Developer";
				"CODE_SIGN_IDENTITY[sdk=iphoneos*]" = "iPhone Developer";
				INFOPLIST_FILE = FirebaseDemo/Info.plist;
				IPHONEOS_DEPLOYMENT_TARGET = 9.2;
				LD_RUNPATH_SEARCH_PATHS = "$(inherited) @executable_path/Frameworks";
				PRODUCT_BUNDLE_IDENTIFIER = com.dldemo.firebasedemo;
				PRODUCT_NAME = "$(TARGET_NAME)";
				PROVISIONING_PROFILE = "";
			};
			name = Release;
		};
		CFDC622F1CEF819E00232A71 /* Debug */ = {
			isa = XCBuildConfiguration;
			baseConfigurationReference = B50D732620AF779B6005F672 /* Pods-FirebaseDemoTests.debug.xcconfig */;
			buildSettings = {
				BUNDLE_LOADER = "$(TEST_HOST)";
				INFOPLIST_FILE = FirebaseDemoTests/Info.plist;
				IPHONEOS_DEPLOYMENT_TARGET = 9.2;
				LD_RUNPATH_SEARCH_PATHS = "$(inherited) @executable_path/Frameworks @loader_path/Frameworks";
				PRODUCT_BUNDLE_IDENTIFIER = com.firebasedemo.FirebaseDemoTests;
				PRODUCT_NAME = "$(TARGET_NAME)";
				TEST_HOST = "$(BUILT_PRODUCTS_DIR)/FirebaseDemo.app/FirebaseDemo";
			};
			name = Debug;
		};
		CFDC62301CEF819E00232A71 /* Release */ = {
			isa = XCBuildConfiguration;
			baseConfigurationReference = 2FBB11FE502D0C116CDDDA85 /* Pods-FirebaseDemoTests.release.xcconfig */;
			buildSettings = {
				BUNDLE_LOADER = "$(TEST_HOST)";
				INFOPLIST_FILE = FirebaseDemoTests/Info.plist;
				IPHONEOS_DEPLOYMENT_TARGET = 9.2;
				LD_RUNPATH_SEARCH_PATHS = "$(inherited) @executable_path/Frameworks @loader_path/Frameworks";
				PRODUCT_BUNDLE_IDENTIFIER = com.firebasedemo.FirebaseDemoTests;
				PRODUCT_NAME = "$(TARGET_NAME)";
				TEST_HOST = "$(BUILT_PRODUCTS_DIR)/FirebaseDemo.app/FirebaseDemo";
			};
			name = Release;
		};
		CFDC62321CEF819E00232A71 /* Debug */ = {
			isa = XCBuildConfiguration;
			baseConfigurationReference = 793C139F8CC1FC399FE4225A /* Pods-FirebaseDemoUITests.debug.xcconfig */;
			buildSettings = {
				INFOPLIST_FILE = FirebaseDemoUITests/Info.plist;
				IPHONEOS_DEPLOYMENT_TARGET = 9.2;
				LD_RUNPATH_SEARCH_PATHS = "$(inherited) @executable_path/Frameworks @loader_path/Frameworks";
				PRODUCT_BUNDLE_IDENTIFIER = com.firebasedemo.FirebaseDemoUITests;
				PRODUCT_NAME = "$(TARGET_NAME)";
				TEST_TARGET_NAME = FirebaseDemo;
			};
			name = Debug;
		};
		CFDC62331CEF819E00232A71 /* Release */ = {
			isa = XCBuildConfiguration;
			baseConfigurationReference = FCC56CA018E1D4CCA1119867 /* Pods-FirebaseDemoUITests.release.xcconfig */;
			buildSettings = {
				INFOPLIST_FILE = FirebaseDemoUITests/Info.plist;
				IPHONEOS_DEPLOYMENT_TARGET = 9.2;
				LD_RUNPATH_SEARCH_PATHS = "$(inherited) @executable_path/Frameworks @loader_path/Frameworks";
				PRODUCT_BUNDLE_IDENTIFIER = com.firebasedemo.FirebaseDemoUITests;
				PRODUCT_NAME = "$(TARGET_NAME)";
				TEST_TARGET_NAME = FirebaseDemo;
			};
			name = Release;
		};
/* End XCBuildConfiguration section */

/* Begin XCConfigurationList section */
		CFDC61FB1CEF819E00232A71 /* Build configuration list for PBXProject "FirebaseDemo" */ = {
			isa = XCConfigurationList;
			buildConfigurations = (
				CFDC62291CEF819E00232A71 /* Debug */,
				CFDC622A1CEF819E00232A71 /* Release */,
			);
			defaultConfigurationIsVisible = 0;
			defaultConfigurationName = Release;
		};
		CFDC622B1CEF819E00232A71 /* Build configuration list for PBXNativeTarget "FirebaseDemo" */ = {
			isa = XCConfigurationList;
			buildConfigurations = (
				CFDC622C1CEF819E00232A71 /* Debug */,
				CFDC622D1CEF819E00232A71 /* Release */,
			);
			defaultConfigurationIsVisible = 0;
			defaultConfigurationName = Release;
		};
		CFDC622E1CEF819E00232A71 /* Build configuration list for PBXNativeTarget "FirebaseDemoTests" */ = {
			isa = XCConfigurationList;
			buildConfigurations = (
				CFDC622F1CEF819E00232A71 /* Debug */,
				CFDC62301CEF819E00232A71 /* Release */,
			);
			defaultConfigurationIsVisible = 0;
			defaultConfigurationName = Release;
		};
		CFDC62311CEF819E00232A71 /* Build configuration list for PBXNativeTarget "FirebaseDemoUITests" */ = {
			isa = XCConfigurationList;
			buildConfigurations = (
				CFDC62321CEF819E00232A71 /* Debug */,
				CFDC62331CEF819E00232A71 /* Release */,
			);
			defaultConfigurationIsVisible = 0;
			defaultConfigurationName = Release;
		};
/* End XCConfigurationList section */

/* Begin XCVersionGroup section */
		CFDC620A1CEF819E00232A71 /* FirebaseDemo.xcdatamodeld */ = {
			isa = XCVersionGroup;
			children = (
				CFDC620B1CEF819E00232A71 /* FirebaseDemo.xcdatamodel */,
			);
			currentVersion = CFDC620B1CEF819E00232A71 /* FirebaseDemo.xcdatamodel */;
			path = FirebaseDemo.xcdatamodeld;
			sourceTree = "<group>";
			versionGroupType = wrapper.xcdatamodel;
		};
/* End XCVersionGroup section */
	};
	rootObject = CFDC61F81CEF819E00232A71 /* Project object */;
}
